
Microsoft Visual Studio Solution File, Format Version 12.00
# Visual Studio 15
VisualStudioVersion = 15.0.28307.1082
MinimumVisualStudioVersion = 10.0.40219.1
Project("{8BC9CEB8-8B4A-11D0-8D11-00A0C91BC942}") = "IntroductionToOOP", "IntroductionToOOP\IntroductionToOOP.vcxproj", "{0971A47E-D8EB-41E2-A1CF-44CE1E610597}"
EndProject
Project("{8BC9CEB8-8B4A-11D0-8D11-00A0C91BC942}") = "Fraction", "Fraction\Fraction.vcxproj", "{49573D81-2740-467C-A390-1D919FA459D1}"
EndProject
Project("{8BC9CEB8-8B4A-11D0-8D11-00A0C91BC942}") = "HomeWork", "HomeWork\HomeWork.vcxproj", "{703655D4-3992-4B19-BF5D-72684E782408}"
EndProject
Project("{8BC9CEB8-8B4A-11D0-8D11-00A0C91BC942}") = "ClassString", "ClassString\ClassString.vcxproj", "{2349DBD2-E717-4F7D-B39A-568D3C541D48}"
EndProject
Global
	GlobalSection(SolutionConfigurationPlatforms) = preSolution
		Debug|x64 = Debug|x64
		Debug|x86 = Debug|x86
		Release|x64 = Release|x64
		Release|x86 = Release|x86
	EndGlobalSection
	GlobalSection(ProjectConfigurationPlatforms) = postSolution
		{0971A47E-D8EB-41E2-A1CF-44CE1E610597}.Debug|x64.ActiveCfg = Debug|x64
		{0971A47E-D8EB-41E2-A1CF-44CE1E610597}.Debug|x64.Build.0 = Debug|x64
		{0971A47E-D8EB-41E2-A1CF-44CE1E610597}.Debug|x86.ActiveCfg = Debug|Win32
		{0971A47E-D8EB-41E2-A1CF-44CE1E610597}.Debug|x86.Build.0 = Debug|Win32
		{0971A47E-D8EB-41E2-A1CF-44CE1E610597}.Release|x64.ActiveCfg = Release|x64
		{0971A47E-D8EB-41E2-A1CF-44CE1E610597}.Release|x64.Build.0 = Release|x64
		{0971A47E-D8EB-41E2-A1CF-44CE1E610597}.Release|x86.ActiveCfg = Release|Win32
		{0971A47E-D8EB-41E2-A1CF-44CE1E610597}.Release|x86.Build.0 = Release|Win32
		{49573D81-2740-467C-A390-1D919FA459D1}.Debug|x64.ActiveCfg = Debug|x64
		{49573D81-2740-467C-A390-1D919FA459D1}.Debug|x64.Build.0 = Debug|x64
		{49573D81-2740-467C-A390-1D919FA459D1}.Debug|x86.ActiveCfg = Debug|Win32
		{49573D81-2740-467C-A390-1D919FA459D1}.Debug|x86.Build.0 = Debug|Win32
		{49573D81-2740-467C-A390-1D919FA459D1}.Release|x64.ActiveCfg = Release|x64
		{49573D81-2740-467C-A390-1D919FA459D1}.Release|x64.Build.0 = Release|x64
		{49573D81-2740-467C-A390-1D919FA459D1}.Release|x86.ActiveCfg = Release|Win32
		{49573D81-2740-467C-A390-1D919FA459D1}.Release|x86.Build.0 = Release|Win32
		{703655D4-3992-4B19-BF5D-72684E782408}.Debug|x64.ActiveCfg = Debug|x64
		{703655D4-3992-4B19-BF5D-72684E782408}.Debug|x64.Build.0 = Debug|x64
		{703655D4-3992-4B19-BF5D-72684E782408}.Debug|x86.ActiveCfg = Debug|Win32
		{703655D4-3992-4B19-BF5D-72684E782408}.Debug|x86.Build.0 = Debug|Win32
		{703655D4-3992-4B19-BF5D-72684E782408}.Release|x64.ActiveCfg = Release|x64
		{703655D4-3992-4B19-BF5D-72684E782408}.Release|x64.Build.0 = Release|x64
		{703655D4-3992-4B19-BF5D-72684E782408}.Release|x86.ActiveCfg = Release|Win32
		{703655D4-3992-4B19-BF5D-72684E782408}.Release|x86.Build.0 = Release|Win32
		{2349DBD2-E717-4F7D-B39A-568D3C541D48}.Debug|x64.ActiveCfg = Debug|x64
		{2349DBD2-E717-4F7D-B39A-568D3C541D48}.Debug|x64.Build.0 = Debug|x64
		{2349DBD2-E717-4F7D-B39A-568D3C541D48}.Debug|x86.ActiveCfg = Debug|Win32
		{2349DBD2-E717-4F7D-B39A-568D3C541D48}.Debug|x86.Build.0 = Debug|Win32
		{2349DBD2-E717-4F7D-B39A-568D3C541D48}.Release|x64.ActiveCfg = Release|x64
		{2349DBD2-E717-4F7D-B39A-568D3C541D48}.Release|x64.Build.0 = Release|x64
		{2349DBD2-E717-4F7D-B39A-568D3C541D48}.Release|x86.ActiveCfg = Release|Win32
		{2349DBD2-E717-4F7D-B39A-568D3C541D48}.Release|x86.Build.0 = Release|Win32
	EndGlobalSection
	GlobalSection(SolutionProperties) = preSolution
		HideSolutionNode = FALSE
	EndGlobalSection
	GlobalSection(ExtensibilityGlobals) = postSolution
		SolutionGuid = {299503DE-2596-4423-AB00-5AFC85BABB97}
	EndGlobalSection
EndGlobal
