
Microsoft Visual Studio Solution File, Format Version 12.00
# Visual Studio 15
VisualStudioVersion = 15.0.28307.1082
MinimumVisualStudioVersion = 10.0.40219.1
Project("{8BC9CEB8-8B4A-11D0-8D11-00A0C91BC942}") = "Inheritance", "Inheritance\Inheritance.vcxproj", "{40907277-D426-4B6C-9DF1-3A6FEFB666A7}"
EndProject
Project("{8BC9CEB8-8B4A-11D0-8D11-00A0C91BC942}") = "Academy", "Academy\Academy.vcxproj", "{FADC947D-347A-4D18-897F-14F39D9319E8}"
EndProject
Global
	GlobalSection(SolutionConfigurationPlatforms) = preSolution
		Debug|x64 = Debug|x64
		Debug|x86 = Debug|x86
		Release|x64 = Release|x64
		Release|x86 = Release|x86
	EndGlobalSection
	GlobalSection(ProjectConfigurationPlatforms) = postSolution
		{40907277-D426-4B6C-9DF1-3A6FEFB666A7}.Debug|x64.ActiveCfg = Debug|x64
		{40907277-D426-4B6C-9DF1-3A6FEFB666A7}.Debug|x64.Build.0 = Debug|x64
		{40907277-D426-4B6C-9DF1-3A6FEFB666A7}.Debug|x86.ActiveCfg = Debug|Win32
		{40907277-D426-4B6C-9DF1-3A6FEFB666A7}.Debug|x86.Build.0 = Debug|Win32
		{40907277-D426-4B6C-9DF1-3A6FEFB666A7}.Release|x64.ActiveCfg = Release|x64
		{40907277-D426-4B6C-9DF1-3A6FEFB666A7}.Release|x64.Build.0 = Release|x64
		{40907277-D426-4B6C-9DF1-3A6FEFB666A7}.Release|x86.ActiveCfg = Release|Win32
		{40907277-D426-4B6C-9DF1-3A6FEFB666A7}.Release|x86.Build.0 = Release|Win32
		{FADC947D-347A-4D18-897F-14F39D9319E8}.Debug|x64.ActiveCfg = Debug|x64
		{FADC947D-347A-4D18-897F-14F39D9319E8}.Debug|x64.Build.0 = Debug|x64
		{FADC947D-347A-4D18-897F-14F39D9319E8}.Debug|x86.ActiveCfg = Debug|Win32
		{FADC947D-347A-4D18-897F-14F39D9319E8}.Debug|x86.Build.0 = Debug|Win32
		{FADC947D-347A-4D18-897F-14F39D9319E8}.Release|x64.ActiveCfg = Release|x64
		{FADC947D-347A-4D18-897F-14F39D9319E8}.Release|x64.Build.0 = Release|x64
		{FADC947D-347A-4D18-897F-14F39D9319E8}.Release|x86.ActiveCfg = Release|Win32
		{FADC947D-347A-4D18-897F-14F39D9319E8}.Release|x86.Build.0 = Release|Win32
	EndGlobalSection
	GlobalSection(SolutionProperties) = preSolution
		HideSolutionNode = FALSE
	EndGlobalSection
	GlobalSection(ExtensibilityGlobals) = postSolution
		SolutionGuid = {5EF04718-C072-4C86-A690-7DC009C5A991}
	EndGlobalSection
EndGlobal
